PODS:
  - Alamofire (4.9.0)
  - CryptoSwift (1.0.0)
  - Realm (3.18.0):
    - Realm/Headers (= 3.18.0)
  - Realm/Headers (3.18.0)
  - RealmSwift (3.18.0):
    - Realm (= 3.18.0)
  - SwiftLint (0.35.0)
  - SwiftyJSON (5.0.0)
  - Visual (0.3.7):
    - Alamofire
    - Realm
    - RealmSwift
    - SwiftLint
    - SwiftyJSON
    - VisualParser
  - VisualParser (0.3.9):
    - Alamofire
    - CryptoSwift
    - RealmSwift
    - SwiftyJSON

DEPENDENCIES:
  - Visual (from `../`)
  - VisualParser (from `https://github.com/TENQUBE/VisualParser.git`)

SPEC REPOS:
  https://github.com/cocoapods/specs.git:
    - Alamofire
    - CryptoSwift
    - Realm
    - RealmSwift
    - SwiftLint
    - SwiftyJSON

EXTERNAL SOURCES:
  Visual:
    :path: "../"
  VisualParser:
    :git: https://github.com/TENQUBE/VisualParser.git

CHECKOUT OPTIONS:
  VisualParser:
    :commit: 144281ffbc4aa5d68cd0fc6e8120f7d3442b716a
    :git: https://github.com/TENQUBE/VisualParser.git

SPEC CHECKSUMS:
  Alamofire: afc3e7c6db61476cb45cdd23fed06bad03bbc321
  CryptoSwift: d81eeaa59dc5a8d03720fe919a6fd07b51f7439f
  Realm: 7b3d04740facf45e958a514b466a32b04f1113d6
  RealmSwift: c817b5f374668cf08f649afb05f55d92a787649c
  SwiftLint: 5553187048b900c91aa03552807681bb6b027846
  SwiftyJSON: 36413e04c44ee145039d332b4f4e2d3e8d6c4db7
  Visual: 7c27aaad4014bd59638042096567bfd2ec8d69a8
  VisualParser: cc26b7538ca87d0e3803e4274c6b69c5fa67e294

PODFILE CHECKSUM: 1315f245eed26221901510233c8545e64f39c5c8

COCOAPODS: 1.6.1
